[{<<"gen_web_server">>,
  {git,"git@github.com:fishballian/gen_web_server.git",
       {ref,"a25fb996a3b11360a4ae0fc0e4cccd41bf5cacba"}},
  1},
 {<<"http_interface">>,
  {git,"git@github.com:fishballian/http_interface.git",
       {ref,"439d0486fc1d8fe8f801844ff5ca97301fcf71cb"}},
  0},
 {<<"resource_discovery">>,
  {git,"git@github.com:fishballian/resource_discovery.git",
       {ref,"6e43fd9d256b7e011a58635c68adae520d031f1d"}},
  2},
 {<<"simple_cache">>,
  {git,"git@github.com:fishballian/simple_cache.git",
       {ref,"eb3885f88358b54fb9044bb465c6e6fa9e2778b6"}},
  1}].
